
Microsoft Visual Studio Solution File, Format Version 12.00
# Visual Studio 14
VisualStudioVersion = 14.0.25420.1
MinimumVisualStudioVersion = 10.0.40219.1
Project("{FAE04EC0-301F-11D3-BF4B-00C04F79EFBC}") = "QueueHelperV1d0", "QueueHelperV1d0\QueueHelperV1d0.csproj", "{11E51CE4-2F92-471F-9741-6159F0D903AF}"
EndProject
Project("{FAE04EC0-301F-11D3-BF4B-00C04F79EFBC}") = "WindowsFormsApplication1", "WindowsFormsApplication1\WindowsFormsApplication1.csproj", "{3DF34374-425F-420C-B30A-E74EB85B27AA}"
EndProject
Project("{FAE04EC0-301F-11D3-BF4B-00C04F79EFBC}") = "ZhangLogSysV1d0", "ZhangLogSysV1d0\ZhangLogSysV1d0.csproj", "{990B476F-8209-4E24-81F7-02185D8F89D7}"
EndProject
Project("{FAE04EC0-301F-11D3-BF4B-00C04F79EFBC}") = "QueueManageSystem", "WindowsFormsApplication2\QueueManageSystem.csproj", "{791B53C4-C1C5-444D-BE28-5FF756598B8C}"
EndProject
Project("{FAE04EC0-301F-11D3-BF4B-00C04F79EFBC}") = "DriverPrintTest", "DriverPrintTest\DriverPrintTest.csproj", "{C9C4C1A2-2C5B-408D-B94B-63C09E5567D8}"
EndProject
Project("{FAE04EC0-301F-11D3-BF4B-00C04F79EFBC}") = "PrintUsingPrinterDriverHelperV1d0", "PrintUsingPrinterDriverHelperV1d0\PrintUsingPrinterDriverHelperV1d0.csproj", "{418876B4-EE8E-4246-B7CF-20BEE75D92E6}"
EndProject
Global
	GlobalSection(SolutionConfigurationPlatforms) = preSolution
		Debug|Any CPU = Debug|Any CPU
		Release|Any CPU = Release|Any CPU
	EndGlobalSection
	GlobalSection(ProjectConfigurationPlatforms) = postSolution
		{11E51CE4-2F92-471F-9741-6159F0D903AF}.Debug|Any CPU.ActiveCfg = Debug|Any CPU
		{11E51CE4-2F92-471F-9741-6159F0D903AF}.Debug|Any CPU.Build.0 = Debug|Any CPU
		{11E51CE4-2F92-471F-9741-6159F0D903AF}.Release|Any CPU.ActiveCfg = Release|Any CPU
		{11E51CE4-2F92-471F-9741-6159F0D903AF}.Release|Any CPU.Build.0 = Release|Any CPU
		{3DF34374-425F-420C-B30A-E74EB85B27AA}.Debug|Any CPU.ActiveCfg = Debug|Any CPU
		{3DF34374-425F-420C-B30A-E74EB85B27AA}.Debug|Any CPU.Build.0 = Debug|Any CPU
		{3DF34374-425F-420C-B30A-E74EB85B27AA}.Release|Any CPU.ActiveCfg = Release|Any CPU
		{3DF34374-425F-420C-B30A-E74EB85B27AA}.Release|Any CPU.Build.0 = Release|Any CPU
		{990B476F-8209-4E24-81F7-02185D8F89D7}.Debug|Any CPU.ActiveCfg = Debug|Any CPU
		{990B476F-8209-4E24-81F7-02185D8F89D7}.Debug|Any CPU.Build.0 = Debug|Any CPU
		{990B476F-8209-4E24-81F7-02185D8F89D7}.Release|Any CPU.ActiveCfg = Release|Any CPU
		{990B476F-8209-4E24-81F7-02185D8F89D7}.Release|Any CPU.Build.0 = Release|Any CPU
		{791B53C4-C1C5-444D-BE28-5FF756598B8C}.Debug|Any CPU.ActiveCfg = Debug|Any CPU
		{791B53C4-C1C5-444D-BE28-5FF756598B8C}.Debug|Any CPU.Build.0 = Debug|Any CPU
		{791B53C4-C1C5-444D-BE28-5FF756598B8C}.Release|Any CPU.ActiveCfg = Release|Any CPU
		{791B53C4-C1C5-444D-BE28-5FF756598B8C}.Release|Any CPU.Build.0 = Release|Any CPU
		{C9C4C1A2-2C5B-408D-B94B-63C09E5567D8}.Debug|Any CPU.ActiveCfg = Debug|Any CPU
		{C9C4C1A2-2C5B-408D-B94B-63C09E5567D8}.Debug|Any CPU.Build.0 = Debug|Any CPU
		{C9C4C1A2-2C5B-408D-B94B-63C09E5567D8}.Release|Any CPU.ActiveCfg = Release|Any CPU
		{C9C4C1A2-2C5B-408D-B94B-63C09E5567D8}.Release|Any CPU.Build.0 = Release|Any CPU
		{418876B4-EE8E-4246-B7CF-20BEE75D92E6}.Debug|Any CPU.ActiveCfg = Debug|Any CPU
		{418876B4-EE8E-4246-B7CF-20BEE75D92E6}.Debug|Any CPU.Build.0 = Debug|Any CPU
		{418876B4-EE8E-4246-B7CF-20BEE75D92E6}.Release|Any CPU.ActiveCfg = Release|Any CPU
		{418876B4-EE8E-4246-B7CF-20BEE75D92E6}.Release|Any CPU.Build.0 = Release|Any CPU
	EndGlobalSection
	GlobalSection(SolutionProperties) = preSolution
		HideSolutionNode = FALSE
	EndGlobalSection
EndGlobal
